<?xml version="1.0" encoding="utf-8"?>
<Project ToolsVersion="4.0" xmlns="http://schemas.microsoft.com/developer/msbuild/2003">
  <ItemGroup>
    <Filter Include="Data">
      <UniqueIdentifier>{4FC737F1-C7A5-4376-A066-2A32D752A2FF}</UniqueIdentifier>
      <Extensions>cpp;c;cc;cxx;c++;cppm;ixx;def;odl;idl;hpj;bat;asm;asmx</Extensions>
    </Filter>
    <Filter Include="Domain">
      <UniqueIdentifier>{93995380-89BD-4b04-88EB-625FBE52EBFB}</UniqueIdentifier>
      <Extensions>h;hh;hpp;hxx;h++;hm;inl;inc;ipp;xsd</Extensions>
    </Filter>
    <Filter Include="Domain\models">
      <UniqueIdentifier>{529f11e5-417b-429f-84c3-0fd752e3f1ac}</UniqueIdentifier>
    </Filter>
    <Filter Include="Domain\models\Administration">
      <UniqueIdentifier>{e5fc8abf-9032-447f-a895-e35828013b30}</UniqueIdentifier>
    </Filter>
    <Filter Include="Internal">
      <UniqueIdentifier>{67DA6AB6-F800-4c08-8B7A-83BB121AAD01}</UniqueIdentifier>
      <Extensions>rc;ico;cur;bmp;dlg;rc2;rct;bin;rgs;gif;jpg;jpeg;jpe;resx;tiff;tif;png;wav;mfcribbon-ms</Extensions>
    </Filter>
    <Filter Include="Presentation">
      <UniqueIdentifier>{a616cba4-5a17-4957-91e8-42d0db4bf112}</UniqueIdentifier>
    </Filter>
    <Filter Include="Data\Files">
      <UniqueIdentifier>{c8f07945-078f-409a-96e9-ee37a40ec155}</UniqueIdentifier>
    </Filter>
    <Filter Include="Presentation\accounting">
      <UniqueIdentifier>{6b170aaa-9f76-4cb7-994f-a5804183490b}</UniqueIdentifier>
    </Filter>
    <Filter Include="Presentation\parking">
      <UniqueIdentifier>{becbc243-5f48-4162-a847-e527147d2975}</UniqueIdentifier>
    </Filter>
    <Filter Include="Presentation\recreation_area">
      <UniqueIdentifier>{04609754-b28b-4008-9261-65ac92dcce69}</UniqueIdentifier>
    </Filter>
    <Filter Include="Presentation\control_room">
      <UniqueIdentifier>{6e483f55-0f24-4387-b84a-37f6825fde2a}</UniqueIdentifier>
    </Filter>
    <Filter Include="Presentation\aircraft">
      <UniqueIdentifier>{9e4ae35a-ea03-4888-a636-78b45a7e25cf}</UniqueIdentifier>
    </Filter>
    <Filter Include="Domain\models\Accounting">
      <UniqueIdentifier>{5f5bfd73-0868-4e68-914e-db7114e59cb2}</UniqueIdentifier>
    </Filter>
    <Filter Include="Domain\models\Complex">
      <UniqueIdentifier>{2e94ec65-ce8e-4f15-b7e7-a1c980d4bdcd}</UniqueIdentifier>
    </Filter>
    <Filter Include="Domain\models\Complex\Customs">
      <UniqueIdentifier>{11975c44-dabf-48ac-8684-02fa54a9a4dc}</UniqueIdentifier>
    </Filter>
    <Filter Include="Domain\models\Complex\Parking">
      <UniqueIdentifier>{2f89c927-dcdc-434c-aa12-0b86980d7cf6}</UniqueIdentifier>
    </Filter>
    <Filter Include="Domain\models\Complex\Shops">
      <UniqueIdentifier>{eb6fa770-ac1e-43b5-bbfa-c8ec19a519d1}</UniqueIdentifier>
    </Filter>
    <Filter Include="Domain\models\Complex\Recreation_hall">
      <UniqueIdentifier>{66c84cfe-d9b4-49bc-abda-e6187a014dda}</UniqueIdentifier>
    </Filter>
    <Filter Include="Domain\models\Administration\Managers">
      <UniqueIdentifier>{a41bc141-bfaf-4833-a1a0-937623faa945}</UniqueIdentifier>
    </Filter>
    <Filter Include="Domain\models\Administration\Managers\teams">
      <UniqueIdentifier>{efd262c3-20f1-4870-b084-1255075ad4f5}</UniqueIdentifier>
    </Filter>
    <Filter Include="Domain\models\Administration\Control_room">
      <UniqueIdentifier>{9a72c9a9-a13c-454e-a9a4-751ff8409614}</UniqueIdentifier>
    </Filter>
    <Filter Include="Domain\models\Administration\Control_room\aircraft">
      <UniqueIdentifier>{659c20e0-4bae-4007-b20e-2a5d35297dc9}</UniqueIdentifier>
    </Filter>
    <Filter Include="Domain\Use_case">
      <UniqueIdentifier>{8dfce935-aa65-4193-a412-d31f18fcc35a}</UniqueIdentifier>
    </Filter>
    <Filter Include="Data\Files\file_all_functions">
      <UniqueIdentifier>{2531402a-e274-47eb-98ea-2226c86990cd}</UniqueIdentifier>
    </Filter>
  </ItemGroup>
  <ItemGroup>
    <ClCompile Include="main.cpp">
      <Filter>Internal</Filter>
    </ClCompile>
    <ClCompile Include="accounting.cpp">
      <Filter>Domain\models\Accounting</Filter>
    </ClCompile>
    <ClCompile Include="customs.cpp">
      <Filter>Domain\models\Complex\Customs</Filter>
    </ClCompile>
    <ClCompile Include="parking.cpp">
      <Filter>Domain\models\Complex\Parking</Filter>
    </ClCompile>
    <ClCompile Include="shops.cpp">
      <Filter>Domain\models\Complex\Shops</Filter>
    </ClCompile>
    <ClCompile Include="recreation_hall.cpp">
      <Filter>Domain\models\Complex\Recreation_hall</Filter>
    </ClCompile>
    <ClCompile Include="managers.cpp">
      <Filter>Domain\models\Administration\Managers</Filter>
    </ClCompile>
    <ClCompile Include="Use_case.cpp">
      <Filter>Domain\Use_case</Filter>
    </ClCompile>
    <ClCompile Include="control_room.cpp">
      <Filter>Domain\models\Administration\Control_room</Filter>
    </ClCompile>
    <ClCompile Include="teams.cpp">
      <Filter>Domain\models\Administration\Managers\teams</Filter>
    </ClCompile>
    <ClCompile Include="aircrafts.cpp">
      <Filter>Domain\models\Administration\Control_room\aircraft</Filter>
    </ClCompile>
    <ClCompile Include="file_all_functions.cpp">
      <Filter>Data\Files\file_all_functions</Filter>
    </ClCompile>
  </ItemGroup>
  <ItemGroup>
    <ClInclude Include="lib.h">
      <Filter>Internal</Filter>
    </ClInclude>
    <ClInclude Include="accounting.h">
      <Filter>Domain\models\Accounting</Filter>
    </ClInclude>
    <ClInclude Include="customs.h">
      <Filter>Domain\models\Complex\Customs</Filter>
    </ClInclude>
    <ClInclude Include="parking.h">
      <Filter>Domain\models\Complex\Parking</Filter>
    </ClInclude>
    <ClInclude Include="shops.h">
      <Filter>Domain\models\Complex\Shops</Filter>
    </ClInclude>
    <ClInclude Include="recreation_hall.h">
      <Filter>Domain\models\Complex\Recreation_hall</Filter>
    </ClInclude>
    <ClInclude Include="managers.h">
      <Filter>Domain\models\Administration\Managers</Filter>
    </ClInclude>
    <ClInclude Include="Use_case.h">
      <Filter>Domain\Use_case</Filter>
    </ClInclude>
    <ClInclude Include="control_room.h">
      <Filter>Domain\models\Administration\Control_room</Filter>
    </ClInclude>
    <ClInclude Include="teams.h">
      <Filter>Domain\models\Administration\Managers\teams</Filter>
    </ClInclude>
    <ClInclude Include="aircrafts.h">
      <Filter>Domain\models\Administration\Control_room\aircraft</Filter>
    </ClInclude>
    <ClInclude Include="file_all_functions.h">
      <Filter>Data\Files\file_all_functions</Filter>
    </ClInclude>
  </ItemGroup>
</Project>